
Microsoft Visual Studio Solution File, Format Version 12.00
# Visual Studio Version 17
VisualStudioVersion = 17.8.34330.188
MinimumVisualStudioVersion = 10.0.40219.1
Project("{FAE04EC0-301F-11D3-BF4B-00C04F79EFBC}") = "BankWebApplication", "BankWebApplication\BankWebApplication.csproj", "{8F10F3FC-01E6-4BE6-B696-9A6ABF2DF930}"
EndProject
Global
	GlobalSection(SolutionConfigurationPlatforms) = preSolution
		Debug|Any CPU = Debug|Any CPU
		Release|Any CPU = Release|Any CPU
	EndGlobalSection
	GlobalSection(ProjectConfigurationPlatforms) = postSolution
		{8F10F3FC-01E6-4BE6-B696-9A6ABF2DF930}.Debug|Any CPU.ActiveCfg = Debug|Any CPU
		{8F10F3FC-01E6-4BE6-B696-9A6ABF2DF930}.Debug|Any CPU.Build.0 = Debug|Any CPU
		{8F10F3FC-01E6-4BE6-B696-9A6ABF2DF930}.Release|Any CPU.ActiveCfg = Release|Any CPU
		{8F10F3FC-01E6-4BE6-B696-9A6ABF2DF930}.Release|Any CPU.Build.0 = Release|Any CPU
	EndGlobalSection
	GlobalSection(SolutionProperties) = preSolution
		HideSolutionNode = FALSE
	EndGlobalSection
	GlobalSection(ExtensibilityGlobals) = postSolution
		SolutionGuid = {A374C5B6-3698-4157-A712-55FBD7F98775}
	EndGlobalSection
EndGlobal
